
Microsoft Visual Studio Solution File, Format Version 12.00
# Visual Studio Version 17
VisualStudioVersion = 17.5.002.0
MinimumVisualStudioVersion = 10.0.40219.1
Project("{9A19103F-16F7-4668-BE54-9A1E7A4F7556}") = "Exercise1", "Exercise1.csproj", "{83B45499-5BA7-409B-B020-D0873051ECD9}"
EndProject
Global
	GlobalSection(SolutionConfigurationPlatforms) = preSolution
		Debug|Any CPU = Debug|Any CPU
		Release|Any CPU = Release|Any CPU
	EndGlobalSection
	GlobalSection(ProjectConfigurationPlatforms) = postSolution
		{83B45499-5BA7-409B-B020-D0873051ECD9}.Debug|Any CPU.ActiveCfg = Debug|Any CPU
		{83B45499-5BA7-409B-B020-D0873051ECD9}.Debug|Any CPU.Build.0 = Debug|Any CPU
		{83B45499-5BA7-409B-B020-D0873051ECD9}.Release|Any CPU.ActiveCfg = Release|Any CPU
		{83B45499-5BA7-409B-B020-D0873051ECD9}.Release|Any CPU.Build.0 = Release|Any CPU
	EndGlobalSection
	GlobalSection(SolutionProperties) = preSolution
		HideSolutionNode = FALSE
	EndGlobalSection
	GlobalSection(ExtensibilityGlobals) = postSolution
		SolutionGuid = {BA3D69D6-17E6-4119-BD1E-D695AA7B5470}
	EndGlobalSection
EndGlobal
